{
  "version": 1,
  "dependencies": {
    "net7.0": {
      "FSharp.Core": {
        "type": "Direct",
        "requested": "[8.0.300, )",
        "resolved": "8.0.300",
        "contentHash": "Jv44fV7TNglyMku89lQcA4Q6mFKLyHb2bs1Yb72nvSVc+cHplEnoZ4XQUaaTLJGUTx/iMqcrkYGtaLzkkIhpaA=="
      },
      "MinVer": {
        "type": "Direct",
        "requested": "[7.0.0, )",
        "resolved": "7.0.0",
        "contentHash": "2lMTCQl5bGP4iv0JNkockPnyllC6eHLz+CoK2ICvalvHod+exXSxueu9hq+zNkU7bZBJf8wMfeRC/Edn8AGmEg=="
      }
    }
  }
}