{
  "version": 1,
  "dependencies": {
    "net7.0": {
      "FSharp.Core": {
        "type": "Direct",
        "requested": "[8.0.101, )",
        "resolved": "8.0.101",
        "contentHash": "sOLz3O4BOxnTKfd5OChdRmDUy4Id0GfoEClRG4nzIod8LY1LJZcNyygKAV0A78XOLh8yvhA5hsDYKZXGCR9blw=="
      },
      "MinVer": {
        "type": "Direct",
        "requested": "[4.3.0, )",
        "resolved": "4.3.0",
        "contentHash": "YNVAW3loCFW4kTwensApaZUl+7xREK75QQNOFSbsbXx2sCSm9/IHBjUHsJGn3u0UA5r/sAqrdYBNUlOFfLhUrA=="
      }
    }
  }
}