{
  "version": 1,
  "dependencies": {
    "net7.0": {
      "FSharp.Core": {
        "type": "Direct",
        "requested": "[7.0.200, )",
        "resolved": "7.0.200",
        "contentHash": "NmgUnpNH6Zu9B0SPIhojyo38gnPdkdYFYQfbd6zosEH32kbGY/g/Klk7PfOWe1NAe/O1YOMmK9KhwQ2OWsWEbg=="
      },
      "MinVer": {
        "type": "Direct",
        "requested": "[4.3.0, )",
        "resolved": "4.3.0",
        "contentHash": "YNVAW3loCFW4kTwensApaZUl+7xREK75QQNOFSbsbXx2sCSm9/IHBjUHsJGn3u0UA5r/sAqrdYBNUlOFfLhUrA=="
      }
    }
  }
}